                C1997E662E4A1C3B00ABCDEF /* RegistrationCreateAccountViewController.swift in Sources */ = {isa = PBXBuildFile; fileRef = C1997E652E4A1C3B00ABCDEF /* RegistrationCreateAccountViewController.swift */; };
                C1997E652E4A1C3B00ABCDEF /* RegistrationCreateAccountViewController.swift */ = {isa = PBXFileReference; lastKnownFileType = sourcecode.swift; path = RegistrationCreateAccountViewController.swift; sourceTree = "<group>"; };
                                C1997E652E4A1C3B00ABCDEF /* RegistrationCreateAccountViewController.swift */,
                                C1997E662E4A1C3B00ABCDEF /* RegistrationCreateAccountViewController.swift in Sources */,
